// !$*UTF8*$!
{
	archiveVersion = 1;
	classes = {
	};
	objectVersion = 56;
	objects = {

/* Begin PBXBuildFile section */
		2440D7B42AF3ABE800DB487D /* AppDelegate.swift in Sources */ = {isa = PBXBuildFile; fileRef = 2440D7B32AF3ABE800DB487D /* AppDelegate.swift */; };
		2440D7B62AF3ABE800DB487D /* SceneDelegate.swift in Sources */ = {isa = PBXBuildFile; fileRef = 2440D7B52AF3ABE800DB487D /* SceneDelegate.swift */; };
		2440D7BD2AF3ABE900DB487D /* Assets.xcassets in Resources */ = {isa = PBXBuildFile; fileRef = 2440D7BC2AF3ABE900DB487D /* Assets.xcassets */; };
		2440D7C02AF3ABE900DB487D /* LaunchScreen.storyboard in Resources */ = {isa = PBXBuildFile; fileRef = 2440D7BE2AF3ABE900DB487D /* LaunchScreen.storyboard */; };
		2440D7D72AF3B27900DB487D /* Coordinator.swift in Sources */ = {isa = PBXBuildFile; fileRef = 2440D7D62AF3B27900DB487D /* Coordinator.swift */; };
		2440D7D92AF3B2C700DB487D /* AppFactory.swift in Sources */ = {isa = PBXBuildFile; fileRef = 2440D7D82AF3B2C700DB487D /* AppFactory.swift */; };
		2440D7DB2AF3B32400DB487D /* AppCoordinator.swift in Sources */ = {isa = PBXBuildFile; fileRef = 2440D7DA2AF3B32400DB487D /* AppCoordinator.swift */; };
		2440D7DD2AF3B50600DB487D /* JobListFactory.swift in Sources */ = {isa = PBXBuildFile; fileRef = 2440D7DC2AF3B50600DB487D /* JobListFactory.swift */; };
		2440D7DF2AF3B52600DB487D /* JobListCoordinator.swift in Sources */ = {isa = PBXBuildFile; fileRef = 2440D7DE2AF3B52600DB487D /* JobListCoordinator.swift */; };
		2440D7E12AF3B62C00DB487D /* ParentCoordinator.swift in Sources */ = {isa = PBXBuildFile; fileRef = 2440D7E02AF3B62C00DB487D /* ParentCoordinator.swift */; };
		2440D7E32AF3B6BC00DB487D /* AppDIContainer.swift in Sources */ = {isa = PBXBuildFile; fileRef = 2440D7E22AF3B6BC00DB487D /* AppDIContainer.swift */; };
		2440D7E52AF3B84B00DB487D /* JobListViewController.swift in Sources */ = {isa = PBXBuildFile; fileRef = 2440D7E42AF3B84B00DB487D /* JobListViewController.swift */; };
		2440D7F82AF3BF6F00DB487D /* JobListPresenter.swift in Sources */ = {isa = PBXBuildFile; fileRef = 2440D7F72AF3BF6F00DB487D /* JobListPresenter.swift */; };
		2440D7FA2AF3C05300DB487D /* JobListModel.swift in Sources */ = {isa = PBXBuildFile; fileRef = 2440D7F92AF3C05300DB487D /* JobListModel.swift */; };
		2440D7FC2AF3C06100DB487D /* JobListView.swift in Sources */ = {isa = PBXBuildFile; fileRef = 2440D7FB2AF3C06100DB487D /* JobListView.swift */; };
		2440D8012AF3C25C00DB487D /* JobListContract.swift in Sources */ = {isa = PBXBuildFile; fileRef = 2440D8002AF3C25C00DB487D /* JobListContract.swift */; };
		2440D8042AF3CA4300DB487D /* Resources.swift in Sources */ = {isa = PBXBuildFile; fileRef = 2440D8032AF3CA4300DB487D /* Resources.swift */; };
		2440D8092AF3D03C00DB487D /* BaseLabel.swift in Sources */ = {isa = PBXBuildFile; fileRef = 2440D8082AF3D03C00DB487D /* BaseLabel.swift */; };
		2440D80B2AF3D07D00DB487D /* InfoView.swift in Sources */ = {isa = PBXBuildFile; fileRef = 2440D80A2AF3D07D00DB487D /* InfoView.swift */; };
		2440D80D2AF3D61A00DB487D /* Double+ext.swift in Sources */ = {isa = PBXBuildFile; fileRef = 2440D80C2AF3D61A00DB487D /* Double+ext.swift */; };
		2440D8122AF3D72000DB487D /* LogoStackView.swift in Sources */ = {isa = PBXBuildFile; fileRef = 2440D8112AF3D72000DB487D /* LogoStackView.swift */; };
		2440D8142AF3D81800DB487D /* TimeStackView.swift in Sources */ = {isa = PBXBuildFile; fileRef = 2440D8132AF3D81800DB487D /* TimeStackView.swift */; };
		2440D8162AF3D83000DB487D /* Date+ext.swift in Sources */ = {isa = PBXBuildFile; fileRef = 2440D8152AF3D83000DB487D /* Date+ext.swift */; };
		2440D8182AF3D8EE00DB487D /* BookingButton.swift in Sources */ = {isa = PBXBuildFile; fileRef = 2440D8172AF3D8EE00DB487D /* BookingButton.swift */; };
/* End PBXBuildFile section */

/* Begin PBXFileReference section */
		2440D7B02AF3ABE800DB487D /* PartTimeJobs.app */ = {isa = PBXFileReference; explicitFileType = wrapper.application; includeInIndex = 0; path = PartTimeJobs.app; sourceTree = BUILT_PRODUCTS_DIR; };
		2440D7B32AF3ABE800DB487D /* AppDelegate.swift */ = {isa = PBXFileReference; lastKnownFileType = sourcecode.swift; path = AppDelegate.swift; sourceTree = "<group>"; };
		2440D7B52AF3ABE800DB487D /* SceneDelegate.swift */ = {isa = PBXFileReference; lastKnownFileType = sourcecode.swift; path = SceneDelegate.swift; sourceTree = "<group>"; };
		2440D7BC2AF3ABE900DB487D /* Assets.xcassets */ = {isa = PBXFileReference; lastKnownFileType = folder.assetcatalog; path = Assets.xcassets; sourceTree = "<group>"; };
		2440D7BF2AF3ABE900DB487D /* Base */ = {isa = PBXFileReference; lastKnownFileType = file.storyboard; name = Base; path = Base.lproj/LaunchScreen.storyboard; sourceTree = "<group>"; };
		2440D7C12AF3ABE900DB487D /* Info.plist */ = {isa = PBXFileReference; lastKnownFileType = text.plist.xml; path = Info.plist; sourceTree = "<group>"; };
		2440D7D62AF3B27900DB487D /* Coordinator.swift */ = {isa = PBXFileReference; lastKnownFileType = sourcecode.swift; path = Coordinator.swift; sourceTree = "<group>"; };
		2440D7D82AF3B2C700DB487D /* AppFactory.swift */ = {isa = PBXFileReference; lastKnownFileType = sourcecode.swift; path = AppFactory.swift; sourceTree = "<group>"; };
		2440D7DA2AF3B32400DB487D /* AppCoordinator.swift */ = {isa = PBXFileReference; lastKnownFileType = sourcecode.swift; path = AppCoordinator.swift; sourceTree = "<group>"; };
		2440D7DC2AF3B50600DB487D /* JobListFactory.swift */ = {isa = PBXFileReference; lastKnownFileType = sourcecode.swift; path = JobListFactory.swift; sourceTree = "<group>"; };
		2440D7DE2AF3B52600DB487D /* JobListCoordinator.swift */ = {isa = PBXFileReference; lastKnownFileType = sourcecode.swift; path = JobListCoordinator.swift; sourceTree = "<group>"; };
		2440D7E02AF3B62C00DB487D /* ParentCoordinator.swift */ = {isa = PBXFileReference; lastKnownFileType = sourcecode.swift; path = ParentCoordinator.swift; sourceTree = "<group>"; };
		2440D7E22AF3B6BC00DB487D /* AppDIContainer.swift */ = {isa = PBXFileReference; lastKnownFileType = sourcecode.swift; path = AppDIContainer.swift; sourceTree = "<group>"; };
		2440D7E42AF3B84B00DB487D /* JobListViewController.swift */ = {isa = PBXFileReference; lastKnownFileType = sourcecode.swift; path = JobListViewController.swift; sourceTree = "<group>"; };
		2440D7F72AF3BF6F00DB487D /* JobListPresenter.swift */ = {isa = PBXFileReference; lastKnownFileType = sourcecode.swift; path = JobListPresenter.swift; sourceTree = "<group>"; };
		2440D7F92AF3C05300DB487D /* JobListModel.swift */ = {isa = PBXFileReference; lastKnownFileType = sourcecode.swift; path = JobListModel.swift; sourceTree = "<group>"; };
		2440D7FB2AF3C06100DB487D /* JobListView.swift */ = {isa = PBXFileReference; lastKnownFileType = sourcecode.swift; path = JobListView.swift; sourceTree = "<group>"; };
		2440D8002AF3C25C00DB487D /* JobListContract.swift */ = {isa = PBXFileReference; lastKnownFileType = sourcecode.swift; path = JobListContract.swift; sourceTree = "<group>"; };
		2440D8032AF3CA4300DB487D /* Resources.swift */ = {isa = PBXFileReference; lastKnownFileType = sourcecode.swift; path = Resources.swift; sourceTree = "<group>"; };
		2440D8082AF3D03C00DB487D /* BaseLabel.swift */ = {isa = PBXFileReference; lastKnownFileType = sourcecode.swift; path = BaseLabel.swift; sourceTree = "<group>"; };
		2440D80A2AF3D07D00DB487D /* InfoView.swift */ = {isa = PBXFileReference; lastKnownFileType = sourcecode.swift; path = InfoView.swift; sourceTree = "<group>"; };
		2440D80C2AF3D61A00DB487D /* Double+ext.swift */ = {isa = PBXFileReference; lastKnownFileType = sourcecode.swift; path = "Double+ext.swift"; sourceTree = "<group>"; };
		2440D8112AF3D72000DB487D /* LogoStackView.swift */ = {isa = PBXFileReference; lastKnownFileType = sourcecode.swift; path = LogoStackView.swift; sourceTree = "<group>"; };
		2440D8132AF3D81800DB487D /* TimeStackView.swift */ = {isa = PBXFileReference; lastKnownFileType = sourcecode.swift; path = TimeStackView.swift; sourceTree = "<group>"; };
		2440D8152AF3D83000DB487D /* Date+ext.swift */ = {isa = PBXFileReference; lastKnownFileType = sourcecode.swift; path = "Date+ext.swift"; sourceTree = "<group>"; };
		2440D8172AF3D8EE00DB487D /* BookingButton.swift */ = {isa = PBXFileReference; lastKnownFileType = sourcecode.swift; path = BookingButton.swift; sourceTree = "<group>"; };
/* End PBXFileReference section */

/* Begin PBXFrameworksBuildPhase section */
		2440D7AD2AF3ABE800DB487D /* Frameworks */ = {
			isa = PBXFrameworksBuildPhase;
			buildActionMask = 2147483647;
			files = (
			);
			runOnlyForDeploymentPostprocessing = 0;
		};
/* End PBXFrameworksBuildPhase section */

/* Begin PBXGroup section */
		2440D7A72AF3ABE800DB487D = {
			isa = PBXGroup;
			children = (
				2440D7B22AF3ABE800DB487D /* PartTimeJobs */,
				2440D7B12AF3ABE800DB487D /* Products */,
			);
			sourceTree = "<group>";
		};
		2440D7B12AF3ABE800DB487D /* Products */ = {
			isa = PBXGroup;
			children = (
				2440D7B02AF3ABE800DB487D /* PartTimeJobs.app */,
			);
			name = Products;
			sourceTree = "<group>";
		};
		2440D7B22AF3ABE800DB487D /* PartTimeJobs */ = {
			isa = PBXGroup;
			children = (
				2440D7C72AF3ACD500DB487D /* Application */,
				2440D7EA2AF3BB7B00DB487D /* Protocol */,
				2440D7F22AF3BD3200DB487D /* Core */,
				2440D7EF2AF3BBEF00DB487D /* Service */,
				2440D7F62AF3BE7500DB487D /* Extension */,
				2440D7CD2AF3ADB000DB487D /* Support */,
			);
			path = PartTimeJobs;
			sourceTree = "<group>";
		};
		2440D7C72AF3ACD500DB487D /* Application */ = {
			isa = PBXGroup;
			children = (
				2440D7B32AF3ABE800DB487D /* AppDelegate.swift */,
				2440D7B52AF3ABE800DB487D /* SceneDelegate.swift */,
				2440D7F02AF3BC7900DB487D /* Composition */,
			);
			path = Application;
			sourceTree = "<group>";
		};
		2440D7CD2AF3ADB000DB487D /* Support */ = {
			isa = PBXGroup;
			children = (
				2440D8052AF3CAE300DB487D /* Helper */,
				2440D8062AF3CAEF00DB487D /* Assets */,
				2440D8072AF3CAFE00DB487D /* PropertyList */,
			);
			path = Support;
			sourceTree = "<group>";
		};
		2440D7E62AF3BADF00DB487D /* Flow */ = {
			isa = PBXGroup;
			children = (
				2440D7E72AF3BAF200DB487D /* Launch */,
				2440D7E82AF3BB0000DB487D /* JobList */,
			);
			path = Flow;
			sourceTree = "<group>";
		};
		2440D7E72AF3BAF200DB487D /* Launch */ = {
			isa = PBXGroup;
			children = (
				2440D7BE2AF3ABE900DB487D /* LaunchScreen.storyboard */,
			);
			path = Launch;
			sourceTree = "<group>";
		};
		2440D7E82AF3BB0000DB487D /* JobList */ = {
			isa = PBXGroup;
			children = (
				2440D7FD2AF3C20300DB487D /* Contract */,
				2440D7EB2AF3BBAC00DB487D /* Scene */,
				2440D7E92AF3BB6100DB487D /* Composition */,
			);
			path = JobList;
			sourceTree = "<group>";
		};
		2440D7E92AF3BB6100DB487D /* Composition */ = {
			isa = PBXGroup;
			children = (
				2440D7DC2AF3B50600DB487D /* JobListFactory.swift */,
				2440D7DE2AF3B52600DB487D /* JobListCoordinator.swift */,
			);
			path = Composition;
			sourceTree = "<group>";
		};
		2440D7EA2AF3BB7B00DB487D /* Protocol */ = {
			isa = PBXGroup;
			children = (
				2440D7F12AF3BCB300DB487D /* Coordinator */,
			);
			path = Protocol;
			sourceTree = "<group>";
		};
		2440D7EB2AF3BBAC00DB487D /* Scene */ = {
			isa = PBXGroup;
			children = (
				2440D7EC2AF3BBB800DB487D /* Model */,
				2440D7ED2AF3BBBC00DB487D /* View */,
				2440D7EE2AF3BBC100DB487D /* Presenter */,
			);
			path = Scene;
			sourceTree = "<group>";
		};
		2440D7EC2AF3BBB800DB487D /* Model */ = {
			isa = PBXGroup;
			children = (
				2440D7F92AF3C05300DB487D /* JobListModel.swift */,
			);
			path = Model;
			sourceTree = "<group>";
		};
		2440D7ED2AF3BBBC00DB487D /* View */ = {
			isa = PBXGroup;
			children = (
				2440D7FB2AF3C06100DB487D /* JobListView.swift */,
				2440D7E42AF3B84B00DB487D /* JobListViewController.swift */,
			);
			path = View;
			sourceTree = "<group>";
		};
		2440D7EE2AF3BBC100DB487D /* Presenter */ = {
			isa = PBXGroup;
			children = (
				2440D7F72AF3BF6F00DB487D /* JobListPresenter.swift */,
			);
			path = Presenter;
			sourceTree = "<group>";
		};
		2440D7EF2AF3BBEF00DB487D /* Service */ = {
			isa = PBXGroup;
			children = (
			);
			path = Service;
			sourceTree = "<group>";
		};
		2440D7F02AF3BC7900DB487D /* Composition */ = {
			isa = PBXGroup;
			children = (
				2440D7E22AF3B6BC00DB487D /* AppDIContainer.swift */,
				2440D7D82AF3B2C700DB487D /* AppFactory.swift */,
				2440D7DA2AF3B32400DB487D /* AppCoordinator.swift */,
			);
			path = Composition;
			sourceTree = "<group>";
		};
		2440D7F12AF3BCB300DB487D /* Coordinator */ = {
			isa = PBXGroup;
			children = (
				2440D7D62AF3B27900DB487D /* Coordinator.swift */,
				2440D7E02AF3B62C00DB487D /* ParentCoordinator.swift */,
			);
			path = Coordinator;
			sourceTree = "<group>";
		};
		2440D7F22AF3BD3200DB487D /* Core */ = {
			isa = PBXGroup;
			children = (
				2440D7F32AF3BD8800DB487D /* UIComponents */,
				2440D7E62AF3BADF00DB487D /* Flow */,
			);
			path = Core;
			sourceTree = "<group>";
		};
		2440D7F32AF3BD8800DB487D /* UIComponents */ = {
			isa = PBXGroup;
			children = (
				2440D7F42AF3BD9900DB487D /* Base */,
				2440D7F52AF3BDBB00DB487D /* Custom */,
			);
			path = UIComponents;
			sourceTree = "<group>";
		};
		2440D7F42AF3BD9900DB487D /* Base */ = {
			isa = PBXGroup;
			children = (
				2440D8082AF3D03C00DB487D /* BaseLabel.swift */,
			);
			path = Base;
			sourceTree = "<group>";
		};
		2440D7F52AF3BDBB00DB487D /* Custom */ = {
			isa = PBXGroup;
			children = (
				2440D80A2AF3D07D00DB487D /* InfoView.swift */,
				2440D8112AF3D72000DB487D /* LogoStackView.swift */,
				2440D8132AF3D81800DB487D /* TimeStackView.swift */,
				2440D8172AF3D8EE00DB487D /* BookingButton.swift */,
			);
			path = Custom;
			sourceTree = "<group>";
		};
		2440D7F62AF3BE7500DB487D /* Extension */ = {
			isa = PBXGroup;
			children = (
				2440D80C2AF3D61A00DB487D /* Double+ext.swift */,
				2440D8152AF3D83000DB487D /* Date+ext.swift */,
			);
			path = Extension;
			sourceTree = "<group>";
		};
		2440D7FD2AF3C20300DB487D /* Contract */ = {
			isa = PBXGroup;
			children = (
				2440D8002AF3C25C00DB487D /* JobListContract.swift */,
			);
			path = Contract;
			sourceTree = "<group>";
		};
		2440D8052AF3CAE300DB487D /* Helper */ = {
			isa = PBXGroup;
			children = (
				2440D8032AF3CA4300DB487D /* Resources.swift */,
			);
			path = Helper;
			sourceTree = "<group>";
		};
		2440D8062AF3CAEF00DB487D /* Assets */ = {
			isa = PBXGroup;
			children = (
				2440D7BC2AF3ABE900DB487D /* Assets.xcassets */,
			);
			path = Assets;
			sourceTree = "<group>";
		};
		2440D8072AF3CAFE00DB487D /* PropertyList */ = {
			isa = PBXGroup;
			children = (
				2440D7C12AF3ABE900DB487D /* Info.plist */,
			);
			path = PropertyList;
			sourceTree = "<group>";
		};
/* End PBXGroup section */

/* Begin PBXNativeTarget section */
		2440D7AF2AF3ABE800DB487D /* PartTimeJobs */ = {
			isa = PBXNativeTarget;
			buildConfigurationList = 2440D7C42AF3ABE900DB487D /* Build configuration list for PBXNativeTarget "PartTimeJobs" */;
			buildPhases = (
				2440D7AC2AF3ABE800DB487D /* Sources */,
				2440D7AD2AF3ABE800DB487D /* Frameworks */,
				2440D7AE2AF3ABE800DB487D /* Resources */,
			);
			buildRules = (
			);
			dependencies = (
			);
			name = PartTimeJobs;
			productName = PartTimeJobs;
			productReference = 2440D7B02AF3ABE800DB487D /* PartTimeJobs.app */;
			productType = "com.apple.product-type.application";
		};
/* End PBXNativeTarget section */

/* Begin PBXProject section */
		2440D7A82AF3ABE800DB487D /* Project object */ = {
			isa = PBXProject;
			attributes = {
				BuildIndependentTargetsInParallel = 1;
				LastSwiftUpdateCheck = 1430;
				LastUpgradeCheck = 1430;
				TargetAttributes = {
					2440D7AF2AF3ABE800DB487D = {
						CreatedOnToolsVersion = 14.3.1;
					};
				};
			};
			buildConfigurationList = 2440D7AB2AF3ABE800DB487D /* Build configuration list for PBXProject "PartTimeJobs" */;
			compatibilityVersion = "Xcode 14.0";
			developmentRegion = en;
			hasScannedForEncodings = 0;
			knownRegions = (
				en,
				Base,
			);
			mainGroup = 2440D7A72AF3ABE800DB487D;
			productRefGroup = 2440D7B12AF3ABE800DB487D /* Products */;
			projectDirPath = "";
			projectRoot = "";
			targets = (
				2440D7AF2AF3ABE800DB487D /* PartTimeJobs */,
			);
		};
/* End PBXProject section */

/* Begin PBXResourcesBuildPhase section */
		2440D7AE2AF3ABE800DB487D /* Resources */ = {
			isa = PBXResourcesBuildPhase;
			buildActionMask = 2147483647;
			files = (
				2440D7C02AF3ABE900DB487D /* LaunchScreen.storyboard in Resources */,
				2440D7BD2AF3ABE900DB487D /* Assets.xcassets in Resources */,
			);
			runOnlyForDeploymentPostprocessing = 0;
		};
/* End PBXResourcesBuildPhase section */

/* Begin PBXSourcesBuildPhase section */
		2440D7AC2AF3ABE800DB487D /* Sources */ = {
			isa = PBXSourcesBuildPhase;
			buildActionMask = 2147483647;
			files = (
				2440D80D2AF3D61A00DB487D /* Double+ext.swift in Sources */,
				2440D7F82AF3BF6F00DB487D /* JobListPresenter.swift in Sources */,
				2440D7E12AF3B62C00DB487D /* ParentCoordinator.swift in Sources */,
				2440D7D92AF3B2C700DB487D /* AppFactory.swift in Sources */,
				2440D8042AF3CA4300DB487D /* Resources.swift in Sources */,
				2440D80B2AF3D07D00DB487D /* InfoView.swift in Sources */,
				2440D8162AF3D83000DB487D /* Date+ext.swift in Sources */,
				2440D8142AF3D81800DB487D /* TimeStackView.swift in Sources */,
				2440D8012AF3C25C00DB487D /* JobListContract.swift in Sources */,
				2440D8092AF3D03C00DB487D /* BaseLabel.swift in Sources */,
				2440D7E52AF3B84B00DB487D /* JobListViewController.swift in Sources */,
				2440D7DF2AF3B52600DB487D /* JobListCoordinator.swift in Sources */,
				2440D7FC2AF3C06100DB487D /* JobListView.swift in Sources */,
				2440D7B42AF3ABE800DB487D /* AppDelegate.swift in Sources */,
				2440D7DD2AF3B50600DB487D /* JobListFactory.swift in Sources */,
				2440D7DB2AF3B32400DB487D /* AppCoordinator.swift in Sources */,
				2440D7B62AF3ABE800DB487D /* SceneDelegate.swift in Sources */,
				2440D7FA2AF3C05300DB487D /* JobListModel.swift in Sources */,
				2440D7D72AF3B27900DB487D /* Coordinator.swift in Sources */,
				2440D8122AF3D72000DB487D /* LogoStackView.swift in Sources */,
				2440D7E32AF3B6BC00DB487D /* AppDIContainer.swift in Sources */,
				2440D8182AF3D8EE00DB487D /* BookingButton.swift in Sources */,
			);
			runOnlyForDeploymentPostprocessing = 0;
		};
/* End PBXSourcesBuildPhase section */

/* Begin PBXVariantGroup section */
		2440D7BE2AF3ABE900DB487D /* LaunchScreen.storyboard */ = {
			isa = PBXVariantGroup;
			children = (
				2440D7BF2AF3ABE900DB487D /* Base */,
			);
			name = LaunchScreen.storyboard;
			sourceTree = "<group>";
		};
/* End PBXVariantGroup section */

/* Begin XCBuildConfiguration section */
		2440D7C22AF3ABE900DB487D /* Debug */ = {
			isa = XCBuildConfiguration;
			buildSettings = {
				ALWAYS_SEARCH_USER_PATHS = NO;
				CLANG_ANALYZER_NONNULL = YES;
				CLANG_ANALYZER_NUMBER_OBJECT_CONVERSION = YES_AGGRESSIVE;
				CLANG_CXX_LANGUAGE_STANDARD = "gnu++20";
				CLANG_ENABLE_MODULES = YES;
				CLANG_ENABLE_OBJC_ARC = YES;
				CLANG_ENABLE_OBJC_WEAK = YES;
				CLANG_WARN_BLOCK_CAPTURE_AUTORELEASING = YES;
				CLANG_WARN_BOOL_CONVERSION = YES;
				CLANG_WARN_COMMA = YES;
				CLANG_WARN_CONSTANT_CONVERSION = YES;
				CLANG_WARN_DEPRECATED_OBJC_IMPLEMENTATIONS = YES;
				CLANG_WARN_DIRECT_OBJC_ISA_USAGE = YES_ERROR;
				CLANG_WARN_DOCUMENTATION_COMMENTS = YES;
				CLANG_WARN_EMPTY_BODY = YES;
				CLANG_WARN_ENUM_CONVERSION = YES;
				CLANG_WARN_INFINITE_RECURSION = YES;
				CLANG_WARN_INT_CONVERSION = YES;
				CLANG_WARN_NON_LITERAL_NULL_CONVERSION = YES;
				CLANG_WARN_OBJC_IMPLICIT_RETAIN_SELF = YES;
				CLANG_WARN_OBJC_LITERAL_CONVERSION = YES;
				CLANG_WARN_OBJC_ROOT_CLASS = YES_ERROR;
				CLANG_WARN_QUOTED_INCLUDE_IN_FRAMEWORK_HEADER = YES;
				CLANG_WARN_RANGE_LOOP_ANALYSIS = YES;
				CLANG_WARN_STRICT_PROTOTYPES = YES;
				CLANG_WARN_SUSPICIOUS_MOVE = YES;
				CLANG_WARN_UNGUARDED_AVAILABILITY = YES_AGGRESSIVE;
				CLANG_WARN_UNREACHABLE_CODE = YES;
				CLANG_WARN__DUPLICATE_METHOD_MATCH = YES;
				COPY_PHASE_STRIP = NO;
				DEBUG_INFORMATION_FORMAT = dwarf;
				ENABLE_STRICT_OBJC_MSGSEND = YES;
				ENABLE_TESTABILITY = YES;
				GCC_C_LANGUAGE_STANDARD = gnu11;
				GCC_DYNAMIC_NO_PIC = NO;
				GCC_NO_COMMON_BLOCKS = YES;
				GCC_OPTIMIZATION_LEVEL = 0;
				GCC_PREPROCESSOR_DEFINITIONS = (
					"DEBUG=1",
					"$(inherited)",
				);
				GCC_WARN_64_TO_32_BIT_CONVERSION = YES;
				GCC_WARN_ABOUT_RETURN_TYPE = YES_ERROR;
				GCC_WARN_UNDECLARED_SELECTOR = YES;
				GCC_WARN_UNINITIALIZED_AUTOS = YES_AGGRESSIVE;
				GCC_WARN_UNUSED_FUNCTION = YES;
				GCC_WARN_UNUSED_VARIABLE = YES;
				IPHONEOS_DEPLOYMENT_TARGET = 16.4;
				MTL_ENABLE_DEBUG_INFO = INCLUDE_SOURCE;
				MTL_FAST_MATH = YES;
				ONLY_ACTIVE_ARCH = YES;
				SDKROOT = iphoneos;
				SWIFT_ACTIVE_COMPILATION_CONDITIONS = DEBUG;
				SWIFT_OPTIMIZATION_LEVEL = "-Onone";
			};
			name = Debug;
		};
		2440D7C32AF3ABE900DB487D /* Release */ = {
			isa = XCBuildConfiguration;
			buildSettings = {
				ALWAYS_SEARCH_USER_PATHS = NO;
				CLANG_ANALYZER_NONNULL = YES;
				CLANG_ANALYZER_NUMBER_OBJECT_CONVERSION = YES_AGGRESSIVE;
				CLANG_CXX_LANGUAGE_STANDARD = "gnu++20";
				CLANG_ENABLE_MODULES = YES;
				CLANG_ENABLE_OBJC_ARC = YES;
				CLANG_ENABLE_OBJC_WEAK = YES;
				CLANG_WARN_BLOCK_CAPTURE_AUTORELEASING = YES;
				CLANG_WARN_BOOL_CONVERSION = YES;
				CLANG_WARN_COMMA = YES;
				CLANG_WARN_CONSTANT_CONVERSION = YES;
				CLANG_WARN_DEPRECATED_OBJC_IMPLEMENTATIONS = YES;
				CLANG_WARN_DIRECT_OBJC_ISA_USAGE = YES_ERROR;
				CLANG_WARN_DOCUMENTATION_COMMENTS = YES;
				CLANG_WARN_EMPTY_BODY = YES;
				CLANG_WARN_ENUM_CONVERSION = YES;
				CLANG_WARN_INFINITE_RECURSION = YES;
				CLANG_WARN_INT_CONVERSION = YES;
				CLANG_WARN_NON_LITERAL_NULL_CONVERSION = YES;
				CLANG_WARN_OBJC_IMPLICIT_RETAIN_SELF = YES;
				CLANG_WARN_OBJC_LITERAL_CONVERSION = YES;
				CLANG_WARN_OBJC_ROOT_CLASS = YES_ERROR;
				CLANG_WARN_QUOTED_INCLUDE_IN_FRAMEWORK_HEADER = YES;
				CLANG_WARN_RANGE_LOOP_ANALYSIS = YES;
				CLANG_WARN_STRICT_PROTOTYPES = YES;
				CLANG_WARN_SUSPICIOUS_MOVE = YES;
				CLANG_WARN_UNGUARDED_AVAILABILITY = YES_AGGRESSIVE;
				CLANG_WARN_UNREACHABLE_CODE = YES;
				CLANG_WARN__DUPLICATE_METHOD_MATCH = YES;
				COPY_PHASE_STRIP = NO;
				DEBUG_INFORMATION_FORMAT = "dwarf-with-dsym";
				ENABLE_NS_ASSERTIONS = NO;
				ENABLE_STRICT_OBJC_MSGSEND = YES;
				GCC_C_LANGUAGE_STANDARD = gnu11;
				GCC_NO_COMMON_BLOCKS = YES;
				GCC_WARN_64_TO_32_BIT_CONVERSION = YES;
				GCC_WARN_ABOUT_RETURN_TYPE = YES_ERROR;
				GCC_WARN_UNDECLARED_SELECTOR = YES;
				GCC_WARN_UNINITIALIZED_AUTOS = YES_AGGRESSIVE;
				GCC_WARN_UNUSED_FUNCTION = YES;
				GCC_WARN_UNUSED_VARIABLE = YES;
				IPHONEOS_DEPLOYMENT_TARGET = 16.4;
				MTL_ENABLE_DEBUG_INFO = NO;
				MTL_FAST_MATH = YES;
				SDKROOT = iphoneos;
				SWIFT_COMPILATION_MODE = wholemodule;
				SWIFT_OPTIMIZATION_LEVEL = "-O";
				VALIDATE_PRODUCT = YES;
			};
			name = Release;
		};
		2440D7C52AF3ABE900DB487D /* Debug */ = {
			isa = XCBuildConfiguration;
			buildSettings = {
				ASSETCATALOG_COMPILER_APPICON_NAME = AppIcon;
				ASSETCATALOG_COMPILER_GLOBAL_ACCENT_COLOR_NAME = AccentColor;
				CODE_SIGN_STYLE = Automatic;
				CURRENT_PROJECT_VERSION = 1;
				DEVELOPMENT_TEAM = XY95NKW6BH;
				GENERATE_INFOPLIST_FILE = YES;
				INFOPLIST_FILE = PartTimeJobs/Support/PropertyList/Info.plist;
				INFOPLIST_KEY_UIApplicationSupportsIndirectInputEvents = YES;
				INFOPLIST_KEY_UILaunchStoryboardName = LaunchScreen;
				INFOPLIST_KEY_UIMainStoryboardFile = "";
				INFOPLIST_KEY_UISupportedInterfaceOrientations = UIInterfaceOrientationPortrait;
				INFOPLIST_KEY_UISupportedInterfaceOrientations_iPad = "UIInterfaceOrientationLandscapeLeft UIInterfaceOrientationLandscapeRight UIInterfaceOrientationPortrait UIInterfaceOrientationPortraitUpsideDown";
				IPHONEOS_DEPLOYMENT_TARGET = 15.0;
				LD_RUNPATH_SEARCH_PATHS = (
					"$(inherited)",
					"@executable_path/Frameworks",
				);
				MARKETING_VERSION = 1.0;
				PRODUCT_BUNDLE_IDENTIFIER = com.2late2bad.PartTimeJobs;
				PRODUCT_NAME = "$(TARGET_NAME)";
				SUPPORTED_PLATFORMS = "iphoneos iphonesimulator";
				SUPPORTS_MACCATALYST = NO;
				SUPPORTS_MAC_DESIGNED_FOR_IPHONE_IPAD = YES;
				SWIFT_EMIT_LOC_STRINGS = YES;
				SWIFT_VERSION = 5.0;
				TARGETED_DEVICE_FAMILY = 1;
			};
			name = Debug;
		};
		2440D7C62AF3ABE900DB487D /* Release */ = {
			isa = XCBuildConfiguration;
			buildSettings = {
				ASSETCATALOG_COMPILER_APPICON_NAME = AppIcon;
				ASSETCATALOG_COMPILER_GLOBAL_ACCENT_COLOR_NAME = AccentColor;
				CODE_SIGN_STYLE = Automatic;
				CURRENT_PROJECT_VERSION = 1;
				DEVELOPMENT_TEAM = XY95NKW6BH;
				GENERATE_INFOPLIST_FILE = YES;
				INFOPLIST_FILE = PartTimeJobs/Support/PropertyList/Info.plist;
				INFOPLIST_KEY_UIApplicationSupportsIndirectInputEvents = YES;
				INFOPLIST_KEY_UILaunchStoryboardName = LaunchScreen;
				INFOPLIST_KEY_UIMainStoryboardFile = "";
				INFOPLIST_KEY_UISupportedInterfaceOrientations = UIInterfaceOrientationPortrait;
				INFOPLIST_KEY_UISupportedInterfaceOrientations_iPad = "UIInterfaceOrientationLandscapeLeft UIInterfaceOrientationLandscapeRight UIInterfaceOrientationPortrait UIInterfaceOrientationPortraitUpsideDown";
				IPHONEOS_DEPLOYMENT_TARGET = 15.0;
				LD_RUNPATH_SEARCH_PATHS = (
					"$(inherited)",
					"@executable_path/Frameworks",
				);
				MARKETING_VERSION = 1.0;
				PRODUCT_BUNDLE_IDENTIFIER = com.2late2bad.PartTimeJobs;
				PRODUCT_NAME = "$(TARGET_NAME)";
				SUPPORTED_PLATFORMS = "iphoneos iphonesimulator";
				SUPPORTS_MACCATALYST = NO;
				SUPPORTS_MAC_DESIGNED_FOR_IPHONE_IPAD = YES;
				SWIFT_EMIT_LOC_STRINGS = YES;
				SWIFT_VERSION = 5.0;
				TARGETED_DEVICE_FAMILY = 1;
			};
			name = Release;
		};
/* End XCBuildConfiguration section */

/* Begin XCConfigurationList section */
		2440D7AB2AF3ABE800DB487D /* Build configuration list for PBXProject "PartTimeJobs" */ = {
			isa = XCConfigurationList;
			buildConfigurations = (
				2440D7C22AF3ABE900DB487D /* Debug */,
				2440D7C32AF3ABE900DB487D /* Release */,
			);
			defaultConfigurationIsVisible = 0;
			defaultConfigurationName = Release;
		};
		2440D7C42AF3ABE900DB487D /* Build configuration list for PBXNativeTarget "PartTimeJobs" */ = {
			isa = XCConfigurationList;
			buildConfigurations = (
				2440D7C52AF3ABE900DB487D /* Debug */,
				2440D7C62AF3ABE900DB487D /* Release */,
			);
			defaultConfigurationIsVisible = 0;
			defaultConfigurationName = Release;
		};
/* End XCConfigurationList section */
	};
	rootObject = 2440D7A82AF3ABE800DB487D /* Project object */;
}
